Microsoft Visual Studio Solution File, Format Version 12.00
# Visual Studio Version 18
VisualStudioVersion = 18.3.11520.95
MinimumVisualStudioVersion = 10.0.40219.1
Project("{FAE04EC0-301F-11D3-BF4B-00C04F79EFBC}") = "InventoryManagementService.Web", "src\InventoryManagementService.Web\InventoryManagementService.Web.csproj", "{5792C905-F09C-4216-8B2D-BC8F9A68F237}"
EndProject
Project("{FAE04EC0-301F-11D3-BF4B-00C04F79EFBC}") = "InventoryManagementService.Domain", "src\WholesaleCRM.Domain\InventoryManagementService.Domain.csproj", "{A1B2C3D4-1111-2222-3333-444455556666}"
EndProject
Project("{FAE04EC0-301F-11D3-BF4B-00C04F79EFBC}") = "InventoryManagementService.Application", "src\InventoryManagementService.Application\InventoryManagementService.Application.csproj", "{A1B2C3D4-1111-2222-3333-444455557777}"
EndProject
Project("{FAE04EC0-301F-11D3-BF4B-00C04F79EFBC}") = "InventoryManagementService.Infrastructure", "src\InventoryManagementService.Infrastructure\InventoryManagementService.Infrastructure.csproj", "{A1B2C3D4-1111-2222-3333-444455558888}"
EndProject
Project("{2150E333-8FDC-42A3-9474-1A3956D46DE8}") = "src", "src", "{E1F2A3B4-0000-1111-2222-333344445555}"
EndProject
Project("{2150E333-8FDC-42A3-9474-1A3956D46DE8}") = "Solution Items", "Solution Items", "{1C1142D1-BC1C-4C73-99DA-BBB2BE241780}"
	ProjectSection(SolutionItems) = preProject
		Dockerfile = Dockerfile
	EndProjectSection
EndProject
Global
	GlobalSection(SolutionConfigurationPlatforms) = preSolution
		Debug|Any CPU = Debug|Any CPU
		Release|Any CPU = Release|Any CPU
	EndGlobalSection
	GlobalSection(ProjectConfigurationPlatforms) = postSolution
		{5792C905-F09C-4216-8B2D-BC8F9A68F237}.Debug|Any CPU.ActiveCfg = Debug|Any CPU
		{5792C905-F09C-4216-8B2D-BC8F9A68F237}.Debug|Any CPU.Build.0 = Debug|Any CPU
		{5792C905-F09C-4216-8B2D-BC8F9A68F237}.Release|Any CPU.ActiveCfg = Release|Any CPU
		{5792C905-F09C-4216-8B2D-BC8F9A68F237}.Release|Any CPU.Build.0 = Release|Any CPU
		{A1B2C3D4-1111-2222-3333-444455556666}.Debug|Any CPU.ActiveCfg = Debug|Any CPU
		{A1B2C3D4-1111-2222-3333-444455556666}.Debug|Any CPU.Build.0 = Debug|Any CPU
		{A1B2C3D4-1111-2222-3333-444455556666}.Release|Any CPU.ActiveCfg = Release|Any CPU
		{A1B2C3D4-1111-2222-3333-444455556666}.Release|Any CPU.Build.0 = Release|Any CPU
		{A1B2C3D4-1111-2222-3333-444455557777}.Debug|Any CPU.ActiveCfg = Debug|Any CPU
		{A1B2C3D4-1111-2222-3333-444455557777}.Debug|Any CPU.Build.0 = Debug|Any CPU
		{A1B2C3D4-1111-2222-3333-444455557777}.Release|Any CPU.ActiveCfg = Release|Any CPU
		{A1B2C3D4-1111-2222-3333-444455557777}.Release|Any CPU.Build.0 = Release|Any CPU
		{A1B2C3D4-1111-2222-3333-444455558888}.Debug|Any CPU.ActiveCfg = Debug|Any CPU
		{A1B2C3D4-1111-2222-3333-444455558888}.Debug|Any CPU.Build.0 = Debug|Any CPU
		{A1B2C3D4-1111-2222-3333-444455558888}.Release|Any CPU.ActiveCfg = Release|Any CPU
		{A1B2C3D4-1111-2222-3333-444455558888}.Release|Any CPU.Build.0 = Release|Any CPU
	EndGlobalSection
	GlobalSection(SolutionProperties) = preSolution
		HideSolutionNode = FALSE
	EndGlobalSection
	GlobalSection(NestedProjects) = preSolution
		{5792C905-F09C-4216-8B2D-BC8F9A68F237} = {E1F2A3B4-0000-1111-2222-333344445555}
		{A1B2C3D4-1111-2222-3333-444455556666} = {E1F2A3B4-0000-1111-2222-333344445555}
		{A1B2C3D4-1111-2222-3333-444455557777} = {E1F2A3B4-0000-1111-2222-333344445555}
		{A1B2C3D4-1111-2222-3333-444455558888} = {E1F2A3B4-0000-1111-2222-333344445555}
	EndGlobalSection
	GlobalSection(ExtensibilityGlobals) = postSolution
		SolutionGuid = {60458DF8-303E-41DA-A3F6-152B60B7A0F5}
	EndGlobalSection
EndGlobal
